
Microsoft Visual Studio Solution File, Format Version 12.00
# Visual Studio 15
VisualStudioVersion = 15.0.28010.2050
MinimumVisualStudioVersion = 10.0.40219.1
Project("{FAE04EC0-301F-11D3-BF4B-00C04F79EFBC}") = "SIEFE", "SIEFE\SIEFE.csproj", "{BAFE9F53-0324-482F-9C32-70402BA6E160}"
EndProject
Global
	GlobalSection(SolutionConfigurationPlatforms) = preSolution
		Debug|Any CPU = Debug|Any CPU
		Release|Any CPU = Release|Any CPU
	EndGlobalSection
	GlobalSection(ProjectConfigurationPlatforms) = postSolution
		{BAFE9F53-0324-482F-9C32-70402BA6E160}.Debug|Any CPU.ActiveCfg = Debug|Any CPU
		{BAFE9F53-0324-482F-9C32-70402BA6E160}.Debug|Any CPU.Build.0 = Debug|Any CPU
		{BAFE9F53-0324-482F-9C32-70402BA6E160}.Release|Any CPU.ActiveCfg = Release|Any CPU
		{BAFE9F53-0324-482F-9C32-70402BA6E160}.Release|Any CPU.Build.0 = Release|Any CPU
	EndGlobalSection
	GlobalSection(SolutionProperties) = preSolution
		HideSolutionNode = FALSE
	EndGlobalSection
	GlobalSection(ExtensibilityGlobals) = postSolution
		SolutionGuid = {D5FCE92C-4550-49CF-A561-AC2BD070D0BE}
	EndGlobalSection
EndGlobal
